
Microsoft Visual Studio Solution File, Format Version 12.00
# Visual Studio Version 17
VisualStudioVersion = 17.3.32804.467
MinimumVisualStudioVersion = 10.0.40219.1
Project("{FAE04EC0-301F-11D3-BF4B-00C04F79EFBC}") = "GUI_basis", "GUI_basis\GUI_basis.csproj", "{704737D7-EB3F-4626-BFC2-93FA50F96538}"
EndProject
Global
	GlobalSection(SolutionConfigurationPlatforms) = preSolution
		Debug|Any CPU = Debug|Any CPU
		Release|Any CPU = Release|Any CPU
	EndGlobalSection
	GlobalSection(ProjectConfigurationPlatforms) = postSolution
		{704737D7-EB3F-4626-BFC2-93FA50F96538}.Debug|Any CPU.ActiveCfg = Debug|Any CPU
		{704737D7-EB3F-4626-BFC2-93FA50F96538}.Debug|Any CPU.Build.0 = Debug|Any CPU
		{704737D7-EB3F-4626-BFC2-93FA50F96538}.Release|Any CPU.ActiveCfg = Release|Any CPU
		{704737D7-EB3F-4626-BFC2-93FA50F96538}.Release|Any CPU.Build.0 = Release|Any CPU
	EndGlobalSection
	GlobalSection(SolutionProperties) = preSolution
		HideSolutionNode = FALSE
	EndGlobalSection
	GlobalSection(ExtensibilityGlobals) = postSolution
		SolutionGuid = {9D8DB7E6-D4DA-4303-BC10-AF6BDE279E82}
	EndGlobalSection
EndGlobal
